<?xml version="1.0"?>
<CONFIG>
  <ProjectOptions>
    <Version Value="9"/>
    <PathDelim Value="\"/>
    <General>
      <Flags>
        <MainUnitHasUsesSectionForAllUnits Value="False"/>
        <MainUnitHasCreateFormStatements Value="False"/>
        <MainUnitHasTitleStatement Value="False"/>
        <LRSInOutputDirectory Value="False"/>
      </Flags>
      <SessionStorage Value="InProjectDir"/>
      <MainUnit Value="0"/>
      <Title Value="pp"/>
    </General>
    <BuildModes Count="1">
      <Item1 Name="default" Default="True"/>
    </BuildModes>
    <PublishOptions>
      <Version Value="2"/>
      <IncludeFileFilter Value="*.(pas|pp|inc|lfm|lpr|lrs|lpi|lpk|sh|xml)"/>
      <ExcludeFileFilter Value="*.(bak|ppu|ppw|o|so);*~;backup"/>
    </PublishOptions>
    <RunParams>
      <local>
        <FormatVersion Value="1"/>
        <CommandLineParams Value="@rtl.cfg -Ur -Tembedded -Pavr32 -Xr -Ur -Xs -O2 -n -Fi../inc -Fi../avr32 -FE. -FUD:/src/fpc/rtl/units/avr32-embedded -davr32 -dRELEASE -XPavr32- -Us -Ce -Cfsoft -Sg system.pp"/>
        <LaunchingApplication PathPlusParams="/usr/X11R6/bin/xterm -T 'Lazarus Run Output' -e $(LazarusDir)/tools/runwait.sh $(TargetCmdLine)"/>
        <WorkingDirectory Value="D:/src/fpc/rtl/embedded"/>
      </local>
    </RunParams>
    <Units Count="2">
      <Unit0>
        <Filename Value="pp.pas"/>
        <IsPartOfProject Value="True"/>
        <UnitName Value="pp"/>
      </Unit0>
      <Unit1>
        <Filename Value="avr\aasmcpu.pas"/>
        <IsPartOfProject Value="True"/>
        <UnitName Value="aasmcpu"/>
      </Unit1>
    </Units>
  </ProjectOptions>
  <CompilerOptions>
    <Version Value="9"/>
    <PathDelim Value="\"/>
    <Target>
      <Filename Value="avr32\pp"/>
    </Target>
    <SearchPaths>
      <IncludeFiles Value="avr32"/>
      <OtherUnitFiles Value="avr32;systems"/>
      <UnitOutputDirectory Value="avr32\lazbuild"/>
    </SearchPaths>
    <Parsing>
      <SyntaxOptions>
        <CStyleOperator Value="False"/>
        <AllowLabel Value="False"/>
        <CPPInline Value="False"/>
        <UseAnsiStrings Value="False"/>
      </SyntaxOptions>
    </Parsing>
    <Linking>
      <Debugging>
        <GenerateDebugInfo Value="True"/>
      </Debugging>
    </Linking>
    <Other>
      <Verbosity>
        <ShowWarn Value="False"/>
        <ShowNotes Value="False"/>
        <ShowHints Value="False"/>
      </Verbosity>
      <ConfigFile>
        <StopAfterErrCount Value="50"/>
      </ConfigFile>
      <CompilerMessages>
        <UseMsgFile Value="True"/>
      </CompilerMessages>
      <CustomOptions Value="-davr32"/>
      <CompilerPath Value="$(CompPath)"/>
    </Other>
  </CompilerOptions>
</CONFIG>
